{
    "version": 3,
    "terraform_version": "0.7.4",
    "serial": 5,
    "lineage": "91e22e95-fbe1-4955-a384-564956ca6bfb",
    "modules": [
        {
            "path": [
                "root"
            ],
            "outputs": {},
            "resources": {
                "aws_eip.nat": {
                    "type": "aws_eip",
                    "depends_on": [],
                    "primary": {
                        "id": "eipalloc-ef25288b",
                        "attributes": {
                            "association_id": "eipassoc-4c905034",
                            "domain": "vpc",
                            "id": "eipalloc-ef25288b",
                            "instance": "",
                            "network_interface": "eni-37e72476",
                            "private_ip": "10.0.4.123",
                            "public_ip": "34.248.162.203",
                            "vpc": "true"
                        },
                        "meta": {},
                        "tainted": false
                    },
                    "deposed": [],
                    "provider": ""
                },
                "aws_key_pair.default": {
                    "type": "aws_key_pair",
                    "depends_on": [],
                    "primary": {
                        "id": "willejsio-prod-default",
                        "attributes": {
                            "fingerprint": "31:94:d8:4d:08:bb:fe:2b:10:c3:f6:57:1f:3d:d9:5b",
                            "id": "willejsio-prod-default",
                            "key_name": "willejsio-prod-default",
                            "public_key": "ssh-rsa AAAAB3NzaC1yc2EAAAADAQABAAABAQCuZQDexh8ad1TT6zHynzykkzyq53k/fRZIMcOIgoSVvhL+/nLgL7nOMYZxi7yu4e8ozKVGzxzMNbd31lFev8toxD+e/mD90ikP8yzLN7oasjzrlGY+/Z4QS6HBygNC71/lIwSv51WqInS+HjVvHt0jfa58V7ysH35o79BOwqzIEUXAppDIVWOCyGynS8+o3rZu62RPWrEWEC3BVcbvNdAL9a1p7RpAr+VbHZBNo0m+0g4Z0TA1iPKVLEZFj7ezw4WEEK2tvKz5nG1konWocXwtS5O4rPi2KAOQUl48WDI3/7e9+ixGQ39SFgy1x+u9LdVZ+hh3pkooFGijSBWTNFa3 will@mbp"
                        },
                        "meta": {
                            "schema_version": "1"
                        },
                        "tainted": false
                    },
                    "deposed": [],
                    "provider": ""
                },
                "aws_nat_gateway.gw": {
                    "type": "aws_nat_gateway",
                    "depends_on": [
                        "aws_eip.nat",
                        "module.vpc"
                    ],
                    "primary": {
                        "id": "nat-0f4fca9965f123734",
                        "attributes": {
                            "allocation_id": "eipalloc-ef25288b",
                            "id": "nat-0f4fca9965f123734",
                            "network_interface_id": "eni-37e72476",
                            "private_ip": "10.0.4.123",
                            "public_ip": "34.248.162.203",
                            "subnet_id": "subnet-6988be1f"
                        },
                        "meta": {},
                        "tainted": false
                    },
                    "deposed": [],
                    "provider": ""
                },
                "aws_route.nat_instance": {
                    "type": "aws_route",
                    "depends_on": [
                        "aws_nat_gateway.gw",
                        "module.vpc"
                    ],
                    "primary": {
                        "id": "r-rtb-df1ae2b81080289494",
                        "attributes": {
                            "destination_cidr_block": "0.0.0.0/0",
                            "destination_prefix_list_id": "",
                            "gateway_id": "",
                            "id": "r-rtb-df1ae2b81080289494",
                            "instance_id": "",
                            "instance_owner_id": "",
                            "nat_gateway_id": "nat-0f4fca9965f123734",
                            "network_interface_id": "",
                            "origin": "CreateRoute",
                            "route_table_id": "rtb-df1ae2b8",
                            "state": "active",
                            "vpc_peering_connection_id": ""
                        },
                        "meta": {},
                        "tainted": false
                    },
                    "deposed": [],
                    "provider": ""
                }
            },
            "depends_on": []
        },
        {
            "path": [
                "root",
                "ecs_cluster_1"
            ],
            "outputs": {},
            "resources": {
                "aws_autoscaling_group.ecs": {
                    "type": "aws_autoscaling_group",
                    "depends_on": [
                        "aws_launch_configuration.ecs"
                    ],
                    "primary": {
                        "id": "willejsio-prod-ecs-1",
                        "attributes": {
                            "arn": "arn:aws:autoscaling:eu-west-1:415667875934:autoScalingGroup:13156cca-f87a-444b-b82e-ab36d2982e56:autoScalingGroupName/willejsio-prod-ecs-1",
                            "availability_zones.#": "3",
                            "availability_zones.1924028850": "eu-west-1b",
                            "availability_zones.3953592328": "eu-west-1a",
                            "availability_zones.94988580": "eu-west-1c",
                            "default_cooldown": "300",
                            "desired_capacity": "2",
                            "force_delete": "false",
                            "health_check_grace_period": "300",
                            "health_check_type": "EC2",
                            "id": "willejsio-prod-ecs-1",
                            "launch_configuration": "terraform-20170123210131065840717elf",
                            "load_balancers.#": "0",
                            "max_size": "2",
                            "metrics_granularity": "1Minute",
                            "min_size": "2",
                            "name": "willejsio-prod-ecs-1",
                            "placement_group": "",
                            "protect_from_scale_in": "false",
                            "tag.#": "3",
                            "tag.1249664016.key": "Name",
                            "tag.1249664016.propagate_at_launch": "true",
                            "tag.1249664016.value": "willejsio-prod-ecs",
                            "tag.1424523277.key": "project",
                            "tag.1424523277.propagate_at_launch": "true",
                            "tag.1424523277.value": "willejsio",
                            "tag.2158571365.key": "environment",
                            "tag.2158571365.propagate_at_launch": "true",
                            "tag.2158571365.value": "prod",
                            "target_group_arns.#": "0",
                            "termination_policies.#": "0",
                            "vpc_zone_identifier.#": "3",
                            "vpc_zone_identifier.1652229512": "subnet-60364838",
                            "vpc_zone_identifier.1933359787": "subnet-83cdffe7",
                            "vpc_zone_identifier.3339791645": "subnet-5688be20",
                            "wait_for_capacity_timeout": "10m"
                        },
                        "meta": {},
                        "tainted": false
                    },
                    "deposed": [],
                    "provider": ""
                },
                "aws_ecs_cluster.default": {
                    "type": "aws_ecs_cluster",
                    "depends_on": [],
                    "primary": {
                        "id": "arn:aws:ecs:eu-west-1:415667875934:cluster/willejsio-prod-ecs",
                        "attributes": {
                            "id": "arn:aws:ecs:eu-west-1:415667875934:cluster/willejsio-prod-ecs",
                            "name": "willejsio-prod-ecs"
                        },
                        "meta": {},
                        "tainted": false
                    },
                    "deposed": [],
                    "provider": ""
                },
                "aws_launch_configuration.ecs": {
                    "type": "aws_launch_configuration",
                    "depends_on": [
                        "aws_ecs_cluster.default",
                        "aws_security_group.ecs"
                    ],
                    "primary": {
                        "id": "terraform-20170123210131065840717elf",
                        "attributes": {
                            "associate_public_ip_address": "false",
                            "ebs_block_device.#": "0",
                            "ebs_optimized": "false",
                            "enable_monitoring": "true",
                            "ephemeral_block_device.#": "0",
                            "iam_instance_profile": "",
                            "id": "terraform-20170123210131065840717elf",
                            "image_id": "ami-e3fbd290",
                            "instance_type": "t2.nano",
                            "key_name": "willejsio-prod-default",
                            "name": "terraform-20170123210131065840717elf",
                            "root_block_device.#": "1",
                            "root_block_device.0.delete_on_termination": "true",
                            "root_block_device.0.iops": "0",
                            "root_block_device.0.volume_size": "60",
                            "root_block_device.0.volume_type": "gp2",
                            "security_groups.#": "1",
                            "security_groups.2806290488": "sg-d1dc83b7",
                            "spot_price": "",
                            "user_data": "87b7f8b186ae6d3fde3aa05ddda3adb5a67b9ab1",
                            "vpc_classic_link_id": "",
                            "vpc_classic_link_security_groups.#": "0"
                        },
                        "meta": {},
                        "tainted": false
                    },
                    "deposed": [],
                    "provider": ""
                },
                "aws_security_group.ecs": {
                    "type": "aws_security_group",
                    "depends_on": [],
                    "primary": {
                        "id": "sg-d1dc83b7",
                        "attributes": {
                            "description": "Container Instance Allowed Ports",
                            "egress.#": "1",
                            "egress.482069346.cidr_blocks.#": "1",
                            "egress.482069346.cidr_blocks.0": "0.0.0.0/0",
                            "egress.482069346.from_port": "0",
                            "egress.482069346.prefix_list_ids.#": "0",
                            "egress.482069346.protocol": "-1",
                            "egress.482069346.security_groups.#": "0",
                            "egress.482069346.self": "false",
                            "egress.482069346.to_port": "0",
                            "id": "sg-d1dc83b7",
                            "ingress.#": "1",
                            "ingress.542945394.cidr_blocks.#": "1",
                            "ingress.542945394.cidr_blocks.0": "10.0.0.0/16",
                            "ingress.542945394.from_port": "8080",
                            "ingress.542945394.protocol": "tcp",
                            "ingress.542945394.security_groups.#": "0",
                            "ingress.542945394.self": "false",
                            "ingress.542945394.to_port": "8080",
                            "name": "willejsio-prod-ecs-1",
                            "owner_id": "415667875934",
                            "tags.%": "4",
                            "tags.Name": "willejsio-prod-ecs",
                            "tags.created-by": "terraform",
                            "tags.environment": "prod",
                            "tags.project": "willejsio",
                            "vpc_id": "vpc-f9a3819d"
                        },
                        "meta": {},
                        "tainted": false
                    },
                    "deposed": [],
                    "provider": ""
                }
            },
            "depends_on": []
        },
        {
            "path": [
                "root",
                "vpc"
            ],
            "outputs": {
                "private_route_table_id": {
                    "sensitive": false,
                    "type": "string",
                    "value": "rtb-df1ae2b8"
                },
                "private_subnets": {
                    "sensitive": false,
                    "type": "string",
                    "value": "subnet-5688be20,subnet-60364838,subnet-83cdffe7"
                },
                "public_route_table_id": {
                    "sensitive": false,
                    "type": "string",
                    "value": "rtb-d01ae2b7"
                },
                "public_subnets": {
                    "sensitive": false,
                    "type": "string",
                    "value": "subnet-6988be1f,subnet-61364839,subnet-82cdffe6"
                },
                "vpc_id": {
                    "sensitive": false,
                    "type": "string",
                    "value": "vpc-f9a3819d"
                }
            },
            "resources": {
                "aws_internet_gateway.mod": {
                    "type": "aws_internet_gateway",
                    "depends_on": [
                        "aws_vpc.mod"
                    ],
                    "primary": {
                        "id": "igw-09af0a6d",
                        "attributes": {
                            "id": "igw-09af0a6d",
                            "tags.%": "0",
                            "vpc_id": "vpc-f9a3819d"
                        },
                        "meta": {},
                        "tainted": false
                    },
                    "deposed": [],
                    "provider": ""
                },
                "aws_route.public_internet_gateway": {
                    "type": "aws_route",
                    "depends_on": [
                        "aws_internet_gateway.mod",
                        "aws_route_table.public"
                    ],
                    "primary": {
                        "id": "r-rtb-d01ae2b71080289494",
                        "attributes": {
                            "destination_cidr_block": "0.0.0.0/0",
                            "destination_prefix_list_id": "",
                            "gateway_id": "igw-09af0a6d",
                            "id": "r-rtb-d01ae2b71080289494",
                            "instance_id": "",
                            "instance_owner_id": "",
                            "nat_gateway_id": "",
                            "network_interface_id": "",
                            "origin": "CreateRoute",
                            "route_table_id": "rtb-d01ae2b7",
                            "state": "active",
                            "vpc_peering_connection_id": ""
                        },
                        "meta": {},
                        "tainted": false
                    },
                    "deposed": [],
                    "provider": ""
                },
                "aws_route_table.private": {
                    "type": "aws_route_table",
                    "depends_on": [
                        "aws_vpc.mod"
                    ],
                    "primary": {
                        "id": "rtb-df1ae2b8",
                        "attributes": {
                            "id": "rtb-df1ae2b8",
                            "propagating_vgws.#": "0",
                            "route.#": "1",
                            "route.3672480843.cidr_block": "0.0.0.0/0",
                            "route.3672480843.gateway_id": "",
                            "route.3672480843.instance_id": "",
                            "route.3672480843.nat_gateway_id": "nat-0f4fca9965f123734",
                            "route.3672480843.network_interface_id": "",
                            "route.3672480843.vpc_peering_connection_id": "",
                            "tags.%": "1",
                            "tags.Name": "willejsio-private",
                            "vpc_id": "vpc-f9a3819d"
                        },
                        "meta": {},
                        "tainted": false
                    },
                    "deposed": [],
                    "provider": ""
                },
                "aws_route_table.public": {
                    "type": "aws_route_table",
                    "depends_on": [
                        "aws_vpc.mod"
                    ],
                    "primary": {
                        "id": "rtb-d01ae2b7",
                        "attributes": {
                            "id": "rtb-d01ae2b7",
                            "propagating_vgws.#": "0",
                            "route.#": "1",
                            "route.2927168087.cidr_block": "0.0.0.0/0",
                            "route.2927168087.gateway_id": "igw-09af0a6d",
                            "route.2927168087.instance_id": "",
                            "route.2927168087.nat_gateway_id": "",
                            "route.2927168087.network_interface_id": "",
                            "route.2927168087.vpc_peering_connection_id": "",
                            "tags.%": "1",
                            "tags.Name": "willejsio-public",
                            "vpc_id": "vpc-f9a3819d"
                        },
                        "meta": {},
                        "tainted": false
                    },
                    "deposed": [],
                    "provider": ""
                },
                "aws_route_table_association.private.0": {
                    "type": "aws_route_table_association",
                    "depends_on": [
                        "aws_route_table.private",
                        "aws_subnet.private"
                    ],
                    "primary": {
                        "id": "rtbassoc-57cdfb30",
                        "attributes": {
                            "id": "rtbassoc-57cdfb30",
                            "route_table_id": "rtb-df1ae2b8",
                            "subnet_id": "subnet-5688be20"
                        },
                        "meta": {},
                        "tainted": false
                    },
                    "deposed": [],
                    "provider": ""
                },
                "aws_route_table_association.private.1": {
                    "type": "aws_route_table_association",
                    "depends_on": [
                        "aws_route_table.private",
                        "aws_subnet.private"
                    ],
                    "primary": {
                        "id": "rtbassoc-4acdfb2d",
                        "attributes": {
                            "id": "rtbassoc-4acdfb2d",
                            "route_table_id": "rtb-df1ae2b8",
                            "subnet_id": "subnet-60364838"
                        },
                        "meta": {},
                        "tainted": false
                    },
                    "deposed": [],
                    "provider": ""
                },
                "aws_route_table_association.private.2": {
                    "type": "aws_route_table_association",
                    "depends_on": [
                        "aws_route_table.private",
                        "aws_subnet.private"
                    ],
                    "primary": {
                        "id": "rtbassoc-49cdfb2e",
                        "attributes": {
                            "id": "rtbassoc-49cdfb2e",
                            "route_table_id": "rtb-df1ae2b8",
                            "subnet_id": "subnet-83cdffe7"
                        },
                        "meta": {},
                        "tainted": false
                    },
                    "deposed": [],
                    "provider": ""
                },
                "aws_route_table_association.public.0": {
                    "type": "aws_route_table_association",
                    "depends_on": [
                        "aws_route_table.public",
                        "aws_subnet.public"
                    ],
                    "primary": {
                        "id": "rtbassoc-55cdfb32",
                        "attributes": {
                            "id": "rtbassoc-55cdfb32",
                            "route_table_id": "rtb-d01ae2b7",
                            "subnet_id": "subnet-6988be1f"
                        },
                        "meta": {},
                        "tainted": false
                    },
                    "deposed": [],
                    "provider": ""
                },
                "aws_route_table_association.public.1": {
                    "type": "aws_route_table_association",
                    "depends_on": [
                        "aws_route_table.public",
                        "aws_subnet.public"
                    ],
                    "primary": {
                        "id": "rtbassoc-56cdfb31",
                        "attributes": {
                            "id": "rtbassoc-56cdfb31",
                            "route_table_id": "rtb-d01ae2b7",
                            "subnet_id": "subnet-61364839"
                        },
                        "meta": {},
                        "tainted": false
                    },
                    "deposed": [],
                    "provider": ""
                },
                "aws_route_table_association.public.2": {
                    "type": "aws_route_table_association",
                    "depends_on": [
                        "aws_route_table.public",
                        "aws_subnet.public"
                    ],
                    "primary": {
                        "id": "rtbassoc-54cdfb33",
                        "attributes": {
                            "id": "rtbassoc-54cdfb33",
                            "route_table_id": "rtb-d01ae2b7",
                            "subnet_id": "subnet-82cdffe6"
                        },
                        "meta": {},
                        "tainted": false
                    },
                    "deposed": [],
                    "provider": ""
                },
                "aws_subnet.private.0": {
                    "type": "aws_subnet",
                    "depends_on": [
                        "aws_vpc.mod"
                    ],
                    "primary": {
                        "id": "subnet-5688be20",
                        "attributes": {
                            "availability_zone": "eu-west-1a",
                            "cidr_block": "10.0.1.0/24",
                            "id": "subnet-5688be20",
                            "map_public_ip_on_launch": "false",
                            "tags.%": "1",
                            "tags.Name": "willejsio-private",
                            "vpc_id": "vpc-f9a3819d"
                        },
                        "meta": {},
                        "tainted": false
                    },
                    "deposed": [],
                    "provider": ""
                },
                "aws_subnet.private.1": {
                    "type": "aws_subnet",
                    "depends_on": [
                        "aws_vpc.mod"
                    ],
                    "primary": {
                        "id": "subnet-60364838",
                        "attributes": {
                            "availability_zone": "eu-west-1b",
                            "cidr_block": "10.0.2.0/24",
                            "id": "subnet-60364838",
                            "map_public_ip_on_launch": "false",
                            "tags.%": "1",
                            "tags.Name": "willejsio-private",
                            "vpc_id": "vpc-f9a3819d"
                        },
                        "meta": {},
                        "tainted": false
                    },
                    "deposed": [],
                    "provider": ""
                },
                "aws_subnet.private.2": {
                    "type": "aws_subnet",
                    "depends_on": [
                        "aws_vpc.mod"
                    ],
                    "primary": {
                        "id": "subnet-83cdffe7",
                        "attributes": {
                            "availability_zone": "eu-west-1c",
                            "cidr_block": "10.0.3.0/24",
                            "id": "subnet-83cdffe7",
                            "map_public_ip_on_launch": "false",
                            "tags.%": "1",
                            "tags.Name": "willejsio-private",
                            "vpc_id": "vpc-f9a3819d"
                        },
                        "meta": {},
                        "tainted": false
                    },
                    "deposed": [],
                    "provider": ""
                },
                "aws_subnet.public.0": {
                    "type": "aws_subnet",
                    "depends_on": [
                        "aws_vpc.mod"
                    ],
                    "primary": {
                        "id": "subnet-6988be1f",
                        "attributes": {
                            "availability_zone": "eu-west-1a",
                            "cidr_block": "10.0.4.0/24",
                            "id": "subnet-6988be1f",
                            "map_public_ip_on_launch": "true",
                            "tags.%": "1",
                            "tags.Name": "willejsio-public",
                            "vpc_id": "vpc-f9a3819d"
                        },
                        "meta": {},
                        "tainted": false
                    },
                    "deposed": [],
                    "provider": ""
                },
                "aws_subnet.public.1": {
                    "type": "aws_subnet",
                    "depends_on": [
                        "aws_vpc.mod"
                    ],
                    "primary": {
                        "id": "subnet-61364839",
                        "attributes": {
                            "availability_zone": "eu-west-1b",
                            "cidr_block": "10.0.5.0/24",
                            "id": "subnet-61364839",
                            "map_public_ip_on_launch": "true",
                            "tags.%": "1",
                            "tags.Name": "willejsio-public",
                            "vpc_id": "vpc-f9a3819d"
                        },
                        "meta": {},
                        "tainted": false
                    },
                    "deposed": [],
                    "provider": ""
                },
                "aws_subnet.public.2": {
                    "type": "aws_subnet",
                    "depends_on": [
                        "aws_vpc.mod"
                    ],
                    "primary": {
                        "id": "subnet-82cdffe6",
                        "attributes": {
                            "availability_zone": "eu-west-1c",
                            "cidr_block": "10.0.6.0/24",
                            "id": "subnet-82cdffe6",
                            "map_public_ip_on_launch": "true",
                            "tags.%": "1",
                            "tags.Name": "willejsio-public",
                            "vpc_id": "vpc-f9a3819d"
                        },
                        "meta": {},
                        "tainted": false
                    },
                    "deposed": [],
                    "provider": ""
                },
                "aws_vpc.mod": {
                    "type": "aws_vpc",
                    "depends_on": [],
                    "primary": {
                        "id": "vpc-f9a3819d",
                        "attributes": {
                            "cidr_block": "10.0.0.0/16",
                            "default_network_acl_id": "acl-0ccb286b",
                            "default_route_table_id": "rtb-d61ae2b1",
                            "default_security_group_id": "sg-17b2ed71",
                            "dhcp_options_id": "dopt-66dd6802",
                            "enable_classiclink": "false",
                            "enable_dns_hostnames": "false",
                            "enable_dns_support": "true",
                            "id": "vpc-f9a3819d",
                            "instance_tenancy": "default",
                            "main_route_table_id": "rtb-d61ae2b1",
                            "tags.%": "1",
                            "tags.Name": "willejsio"
                        },
                        "meta": {},
                        "tainted": false
                    },
                    "deposed": [],
                    "provider": ""
                }
            },
            "depends_on": []
        }
    ]
}
