{
    "version": 3,
    "terraform_version": "0.8.4",
    "serial": 24,
    "lineage": "91e22e95-fbe1-4955-a384-564956ca6bfb",
    "modules": [
        {
            "path": [
                "root"
            ],
            "outputs": {},
            "resources": {
                "aws_eip.nat": {
                    "type": "aws_eip",
                    "depends_on": [],
                    "primary": {
                        "id": "eipalloc-069d9062",
                        "attributes": {
                            "association_id": "eipassoc-b45a99cc",
                            "domain": "vpc",
                            "id": "eipalloc-069d9062",
                            "instance": "",
                            "network_interface": "eni-64834c25",
                            "private_ip": "10.0.4.48",
                            "public_ip": "34.249.103.157",
                            "vpc": "true"
                        },
                        "meta": {},
                        "tainted": false
                    },
                    "deposed": [],
                    "provider": ""
                },
                "aws_key_pair.default": {
                    "type": "aws_key_pair",
                    "depends_on": [],
                    "primary": {
                        "id": "willejsio-prod-default",
                        "attributes": {
                            "fingerprint": "31:94:d8:4d:08:bb:fe:2b:10:c3:f6:57:1f:3d:d9:5b",
                            "id": "willejsio-prod-default",
                            "key_name": "willejsio-prod-default",
                            "public_key": "ssh-rsa AAAAB3NzaC1yc2EAAAADAQABAAABAQCuZQDexh8ad1TT6zHynzykkzyq53k/fRZIMcOIgoSVvhL+/nLgL7nOMYZxi7yu4e8ozKVGzxzMNbd31lFev8toxD+e/mD90ikP8yzLN7oasjzrlGY+/Z4QS6HBygNC71/lIwSv51WqInS+HjVvHt0jfa58V7ysH35o79BOwqzIEUXAppDIVWOCyGynS8+o3rZu62RPWrEWEC3BVcbvNdAL9a1p7RpAr+VbHZBNo0m+0g4Z0TA1iPKVLEZFj7ezw4WEEK2tvKz5nG1konWocXwtS5O4rPi2KAOQUl48WDI3/7e9+ixGQ39SFgy1x+u9LdVZ+hh3pkooFGijSBWTNFa3 will@mbp"
                        },
                        "meta": {
                            "schema_version": "1"
                        },
                        "tainted": false
                    },
                    "deposed": [],
                    "provider": ""
                },
                "aws_nat_gateway.gw": {
                    "type": "aws_nat_gateway",
                    "depends_on": [
                        "aws_eip.nat",
                        "module.vpc"
                    ],
                    "primary": {
                        "id": "nat-0d0c1193d2ec86ca1",
                        "attributes": {
                            "allocation_id": "eipalloc-069d9062",
                            "id": "nat-0d0c1193d2ec86ca1",
                            "network_interface_id": "eni-64834c25",
                            "private_ip": "10.0.4.48",
                            "public_ip": "34.249.103.157",
                            "subnet_id": "subnet-da0839ac"
                        },
                        "meta": {},
                        "tainted": false
                    },
                    "deposed": [],
                    "provider": ""
                },
                "aws_route.nat_instance": {
                    "type": "aws_route",
                    "depends_on": [
                        "aws_nat_gateway.gw",
                        "module.vpc"
                    ],
                    "primary": {
                        "id": "r-rtb-6ef50e091080289494",
                        "attributes": {
                            "destination_cidr_block": "0.0.0.0/0",
                            "destination_prefix_list_id": "",
                            "gateway_id": "",
                            "id": "r-rtb-6ef50e091080289494",
                            "instance_id": "",
                            "instance_owner_id": "",
                            "nat_gateway_id": "nat-0d0c1193d2ec86ca1",
                            "network_interface_id": "",
                            "origin": "CreateRoute",
                            "route_table_id": "rtb-6ef50e09",
                            "state": "active",
                            "vpc_peering_connection_id": ""
                        },
                        "meta": {},
                        "tainted": false
                    },
                    "deposed": [],
                    "provider": ""
                },
                "aws_route53_record.redirect_willejs_io": {
                    "type": "aws_route53_record",
                    "depends_on": [
                        "aws_route53_zone.willejs_io",
                        "aws_s3_bucket.redirect_willejs_io",
                        "aws_s3_bucket.redirect_willejs_io"
                    ],
                    "primary": {
                        "id": "ZR1O51EY0680T_willejs.io_A",
                        "attributes": {
                            "alias.#": "1",
                            "alias.2266526308.evaluate_target_health": "false",
                            "alias.2266526308.name": "s3-website-eu-west-1.amazonaws.com",
                            "alias.2266526308.zone_id": "Z1BKCTXD74EZPE",
                            "fqdn": "willejs.io",
                            "health_check_id": "",
                            "id": "ZR1O51EY0680T_willejs.io_A",
                            "name": "willejs.io",
                            "records.#": "0",
                            "set_identifier": "",
                            "ttl": "0",
                            "type": "A",
                            "zone_id": "ZR1O51EY0680T"
                        },
                        "meta": {
                            "schema_version": "2"
                        },
                        "tainted": false
                    },
                    "deposed": [],
                    "provider": ""
                },
                "aws_route53_record.www_willejs_io": {
                    "type": "aws_route53_record",
                    "depends_on": [
                        "aws_route53_zone.willejs_io",
                        "module.ecs_cluster_1"
                    ],
                    "primary": {
                        "id": "ZR1O51EY0680T_www.willejs.io_CNAME",
                        "attributes": {
                            "fqdn": "www.willejs.io",
                            "health_check_id": "",
                            "id": "ZR1O51EY0680T_www.willejs.io_CNAME",
                            "name": "www.willejs.io",
                            "records.#": "1",
                            "records.3223811835": "willejsio-prod-ecs-1-786511990.eu-west-1.elb.amazonaws.com",
                            "set_identifier": "",
                            "ttl": "30",
                            "type": "CNAME",
                            "zone_id": "ZR1O51EY0680T"
                        },
                        "meta": {
                            "schema_version": "2"
                        },
                        "tainted": false
                    },
                    "deposed": [],
                    "provider": ""
                },
                "aws_route53_zone.willejs_io": {
                    "type": "aws_route53_zone",
                    "depends_on": [],
                    "primary": {
                        "id": "ZR1O51EY0680T",
                        "attributes": {
                            "comment": "Managed by Terraform",
                            "force_destroy": "false",
                            "id": "ZR1O51EY0680T",
                            "name": "willejs.io",
                            "name_servers.#": "4",
                            "name_servers.0": "ns-1128.awsdns-13.org",
                            "name_servers.1": "ns-1953.awsdns-52.co.uk",
                            "name_servers.2": "ns-290.awsdns-36.com",
                            "name_servers.3": "ns-612.awsdns-12.net",
                            "tags.%": "1",
                            "tags.Name": "willejs.io",
                            "zone_id": "ZR1O51EY0680T"
                        },
                        "meta": {},
                        "tainted": false
                    },
                    "deposed": [],
                    "provider": ""
                },
                "aws_s3_bucket.redirect_willejs_io": {
                    "type": "aws_s3_bucket",
                    "depends_on": [],
                    "primary": {
                        "id": "willejs.io",
                        "attributes": {
                            "acceleration_status": "",
                            "acl": "public-read",
                            "arn": "arn:aws:s3:::willejs.io",
                            "bucket": "willejs.io",
                            "force_destroy": "false",
                            "hosted_zone_id": "Z1BKCTXD74EZPE",
                            "id": "willejs.io",
                            "policy": "",
                            "region": "eu-west-1",
                            "request_payer": "BucketOwner",
                            "tags.%": "4",
                            "tags.Name": "willejs.io",
                            "tags.description": "Redirect to the willejs_io ELB",
                            "tags.environment": "prod",
                            "tags.project": "willejsio",
                            "versioning.#": "1",
                            "versioning.0.enabled": "false",
                            "versioning.0.mfa_delete": "false",
                            "website.#": "1",
                            "website.0.error_document": "",
                            "website.0.index_document": "",
                            "website.0.redirect_all_requests_to": "https://www.willejs.io",
                            "website.0.routing_rules": "",
                            "website_domain": "s3-website-eu-west-1.amazonaws.com",
                            "website_endpoint": "willejs.io.s3-website-eu-west-1.amazonaws.com"
                        },
                        "meta": {},
                        "tainted": false
                    },
                    "deposed": [],
                    "provider": ""
                },
                "data.aws_acm_certificate.willejs_io": {
                    "type": "aws_acm_certificate",
                    "depends_on": [],
                    "primary": {
                        "id": "2017-01-24 15:59:47.284453349 +0000 UTC",
                        "attributes": {
                            "arn": "arn:aws:acm:eu-west-1:415667875934:certificate/210f72cb-a6ff-4543-b4e6-8006781f9aaa",
                            "domain": "www.willejs.io",
                            "id": "2017-01-24 15:59:47.284453349 +0000 UTC",
                            "statuses.#": "1",
                            "statuses.0": "ISSUED"
                        },
                        "meta": {},
                        "tainted": false
                    },
                    "deposed": [],
                    "provider": ""
                }
            },
            "depends_on": []
        },
        {
            "path": [
                "root",
                "ecs_cluster_1"
            ],
            "outputs": {
                "elb_dns_name": {
                    "sensitive": false,
                    "type": "string",
                    "value": "willejsio-prod-ecs-1-786511990.eu-west-1.elb.amazonaws.com"
                },
                "elb_zone_id": {
                    "sensitive": false,
                    "type": "string",
                    "value": "Z32O12XQLNTSW2"
                }
            },
            "resources": {
                "aws_autoscaling_group.ecs": {
                    "type": "aws_autoscaling_group",
                    "depends_on": [
                        "aws_elb.ecs_asg_elb",
                        "aws_launch_configuration.ecs"
                    ],
                    "primary": {
                        "id": "willejsio-prod-ecs-1",
                        "attributes": {
                            "arn": "arn:aws:autoscaling:eu-west-1:415667875934:autoScalingGroup:1850471d-ccff-47dc-84f1-faf186dacef2:autoScalingGroupName/willejsio-prod-ecs-1",
                            "availability_zones.#": "3",
                            "availability_zones.1924028850": "eu-west-1b",
                            "availability_zones.3953592328": "eu-west-1a",
                            "availability_zones.94988580": "eu-west-1c",
                            "default_cooldown": "300",
                            "desired_capacity": "2",
                            "force_delete": "false",
                            "health_check_grace_period": "300",
                            "health_check_type": "EC2",
                            "id": "willejsio-prod-ecs-1",
                            "launch_configuration": "terraform-20170124120147898208451ixd",
                            "load_balancers.#": "1",
                            "load_balancers.1573027561": "willejsio-prod-ecs-1",
                            "max_size": "2",
                            "metrics_granularity": "1Minute",
                            "min_size": "2",
                            "name": "willejsio-prod-ecs-1",
                            "placement_group": "",
                            "protect_from_scale_in": "false",
                            "suspended_processes.#": "0",
                            "tag.#": "3",
                            "tag.1299795448.key": "Name",
                            "tag.1299795448.propagate_at_launch": "true",
                            "tag.1299795448.value": "willejsio-prod-ecs-1",
                            "tag.1424523277.key": "project",
                            "tag.1424523277.propagate_at_launch": "true",
                            "tag.1424523277.value": "willejsio",
                            "tag.2158571365.key": "environment",
                            "tag.2158571365.propagate_at_launch": "true",
                            "tag.2158571365.value": "prod",
                            "target_group_arns.#": "0",
                            "termination_policies.#": "0",
                            "vpc_zone_identifier.#": "3",
                            "vpc_zone_identifier.108914296": "subnet-e3453bbb",
                            "vpc_zone_identifier.2312426818": "subnet-28526f4c",
                            "vpc_zone_identifier.73410026": "subnet-dd0839ab",
                            "wait_for_capacity_timeout": "10m"
                        },
                        "meta": {},
                        "tainted": false
                    },
                    "deposed": [],
                    "provider": ""
                },
                "aws_ecs_cluster.default": {
                    "type": "aws_ecs_cluster",
                    "depends_on": [],
                    "primary": {
                        "id": "arn:aws:ecs:eu-west-1:415667875934:cluster/willejsio-prod-ecs-1",
                        "attributes": {
                            "id": "arn:aws:ecs:eu-west-1:415667875934:cluster/willejsio-prod-ecs-1",
                            "name": "willejsio-prod-ecs-1"
                        },
                        "meta": {},
                        "tainted": false
                    },
                    "deposed": [],
                    "provider": ""
                },
                "aws_ecs_service.willejs_io": {
                    "type": "aws_ecs_service",
                    "depends_on": [
                        "aws_ecs_cluster.default",
                        "aws_ecs_task_definition.willejs_io",
                        "aws_elb.ecs_asg_elb",
                        "aws_iam_role.ecs_role"
                    ],
                    "primary": {
                        "id": "arn:aws:ecs:eu-west-1:415667875934:service/willejsio",
                        "attributes": {
                            "cluster": "arn:aws:ecs:eu-west-1:415667875934:cluster/willejsio-prod-ecs-1",
                            "deployment_maximum_percent": "100",
                            "deployment_minimum_healthy_percent": "50",
                            "desired_count": "2",
                            "iam_role": "arn:aws:iam::415667875934:role/willejsio-prod-ecs",
                            "id": "arn:aws:ecs:eu-west-1:415667875934:service/willejsio",
                            "load_balancer.#": "1",
                            "load_balancer.4201390462.container_name": "willejsio",
                            "load_balancer.4201390462.container_port": "80",
                            "load_balancer.4201390462.elb_name": "willejsio-prod-ecs-1",
                            "load_balancer.4201390462.target_group_arn": "",
                            "name": "willejsio",
                            "task_definition": "arn:aws:ecs:eu-west-1:415667875934:task-definition/willejsio:7"
                        },
                        "meta": {},
                        "tainted": false
                    },
                    "deposed": [],
                    "provider": ""
                },
                "aws_ecs_task_definition.willejs_io": {
                    "type": "aws_ecs_task_definition",
                    "depends_on": [
                        "template_file.ecs_task_definition_willejs_io"
                    ],
                    "primary": {
                        "id": "willejsio",
                        "attributes": {
                            "arn": "arn:aws:ecs:eu-west-1:415667875934:task-definition/willejsio:7",
                            "container_definitions": "5a59db28244196f5c0faaf4316849d66b5d7007d",
                            "family": "willejsio",
                            "id": "willejsio",
                            "network_mode": "",
                            "placement_constraints.#": "0",
                            "revision": "7",
                            "task_role_arn": ""
                        },
                        "meta": {},
                        "tainted": false
                    },
                    "deposed": [],
                    "provider": ""
                },
                "aws_elb.ecs_asg_elb": {
                    "type": "aws_elb",
                    "depends_on": [
                        "aws_security_group.ecs_asg_elb"
                    ],
                    "primary": {
                        "id": "willejsio-prod-ecs-1",
                        "attributes": {
                            "access_logs.#": "0",
                            "availability_zones.#": "3",
                            "availability_zones.1924028850": "eu-west-1b",
                            "availability_zones.3953592328": "eu-west-1a",
                            "availability_zones.94988580": "eu-west-1c",
                            "connection_draining": "false",
                            "connection_draining_timeout": "300",
                            "cross_zone_load_balancing": "true",
                            "dns_name": "willejsio-prod-ecs-1-786511990.eu-west-1.elb.amazonaws.com",
                            "health_check.#": "1",
                            "health_check.0.healthy_threshold": "2",
                            "health_check.0.interval": "30",
                            "health_check.0.target": "TCP:8080",
                            "health_check.0.timeout": "3",
                            "health_check.0.unhealthy_threshold": "2",
                            "id": "willejsio-prod-ecs-1",
                            "idle_timeout": "60",
                            "instances.#": "2",
                            "instances.1883550687": "i-0dff2f0aaed184e43",
                            "instances.556369154": "i-0fe78baf5816783ad",
                            "internal": "false",
                            "listener.#": "2",
                            "listener.2065978099.instance_port": "8080",
                            "listener.2065978099.instance_protocol": "http",
                            "listener.2065978099.lb_port": "443",
                            "listener.2065978099.lb_protocol": "https",
                            "listener.2065978099.ssl_certificate_id": "arn:aws:acm:eu-west-1:415667875934:certificate/210f72cb-a6ff-4543-b4e6-8006781f9aaa",
                            "listener.3931999347.instance_port": "8080",
                            "listener.3931999347.instance_protocol": "http",
                            "listener.3931999347.lb_port": "80",
                            "listener.3931999347.lb_protocol": "http",
                            "listener.3931999347.ssl_certificate_id": "",
                            "name": "willejsio-prod-ecs-1",
                            "security_groups.#": "1",
                            "security_groups.4009094642": "sg-28e8b64e",
                            "source_security_group": "415667875934/willejsio-prod-elb-ecs-1",
                            "source_security_group_id": "sg-28e8b64e",
                            "subnets.#": "3",
                            "subnets.2982628181": "subnet-29526f4d",
                            "subnets.3034441824": "subnet-e4453bbc",
                            "subnets.559889115": "subnet-da0839ac",
                            "tags.%": "1",
                            "tags.Name": "willejsio-prod-ecs-1",
                            "zone_id": "Z32O12XQLNTSW2"
                        },
                        "meta": {},
                        "tainted": false
                    },
                    "deposed": [],
                    "provider": ""
                },
                "aws_iam_instance_profile.ecs": {
                    "type": "aws_iam_instance_profile",
                    "depends_on": [
                        "aws_iam_role.ecs_role"
                    ],
                    "primary": {
                        "id": "willejsio-prod-ecs-instance",
                        "attributes": {
                            "arn": "arn:aws:iam::415667875934:instance-profile/willejsio-prod-ecs-instance",
                            "id": "willejsio-prod-ecs-instance",
                            "name": "willejsio-prod-ecs-instance",
                            "path": "/",
                            "roles.#": "1",
                            "roles.172291628": "willejsio-prod-ecs"
                        },
                        "meta": {},
                        "tainted": false
                    },
                    "deposed": [],
                    "provider": ""
                },
                "aws_iam_role.ecs_role": {
                    "type": "aws_iam_role",
                    "depends_on": [],
                    "primary": {
                        "id": "willejsio-prod-ecs",
                        "attributes": {
                            "arn": "arn:aws:iam::415667875934:role/willejsio-prod-ecs",
                            "assume_role_policy": "{\"Version\":\"2008-10-17\",\"Statement\":[{\"Effect\":\"Allow\",\"Principal\":{\"Service\":[\"ecs.amazonaws.com\",\"ec2.amazonaws.com\"]},\"Action\":\"sts:AssumeRole\"}]}",
                            "create_date": "2017-01-24T12:01:38Z",
                            "id": "willejsio-prod-ecs",
                            "name": "willejsio-prod-ecs",
                            "path": "/",
                            "unique_id": "AROAJDB37T6UPGN7AZ4UG"
                        },
                        "meta": {},
                        "tainted": false
                    },
                    "deposed": [],
                    "provider": ""
                },
                "aws_iam_role_policy.ecs_instance_role_policy": {
                    "type": "aws_iam_role_policy",
                    "depends_on": [
                        "aws_iam_role.ecs_role"
                    ],
                    "primary": {
                        "id": "willejsio-prod-ecs:willejsio-prod-ecs-instance",
                        "attributes": {
                            "id": "willejsio-prod-ecs:willejsio-prod-ecs-instance",
                            "name": "willejsio-prod-ecs-instance",
                            "policy": "{\n  \"Version\": \"2012-10-17\",\n  \"Statement\": [\n    {\n      \"Effect\": \"Allow\",\n      \"Action\": [\n        \"ecs:CreateCluster\",\n        \"ecs:DeregisterContainerInstance\",\n        \"ecs:DiscoverPollEndpoint\",\n        \"ecs:Poll\",\n        \"ecs:RegisterContainerInstance\",\n        \"ecs:StartTelemetrySession\",\n        \"ecs:Submit*\",\n        \"ecr:GetAuthorizationToken\",\n        \"ecr:BatchCheckLayerAvailability\",\n        \"ecr:GetDownloadUrlForLayer\",\n        \"ecr:BatchGetImage\",\n        \"logs:CreateLogStream\",\n        \"logs:PutLogEvents\"\n      ],\n      \"Resource\": \"*\"\n    }\n  ]\n}\n",
                            "role": "willejsio-prod-ecs"
                        },
                        "meta": {},
                        "tainted": false
                    },
                    "deposed": [],
                    "provider": ""
                },
                "aws_iam_role_policy.ecs_service_role_policy": {
                    "type": "aws_iam_role_policy",
                    "depends_on": [
                        "aws_iam_role.ecs_role"
                    ],
                    "primary": {
                        "id": "willejsio-prod-ecs:willejsio-prod-ecs-service",
                        "attributes": {
                            "id": "willejsio-prod-ecs:willejsio-prod-ecs-service",
                            "name": "willejsio-prod-ecs-service",
                            "policy": "{\n  \"Version\": \"2012-10-17\",\n  \"Statement\": [\n    {\n      \"Effect\": \"Allow\",\n      \"Action\": [\n        \"elasticloadbalancing:Describe*\",\n        \"elasticloadbalancing:DeregisterInstancesFromLoadBalancer\",\n        \"elasticloadbalancing:RegisterInstancesWithLoadBalancer\",\n        \"ec2:Describe*\",\n        \"ec2:AuthorizeSecurityGroupIngress\"\n      ],\n      \"Resource\": [\n        \"*\"\n      ]\n    }\n  ]\n}",
                            "role": "willejsio-prod-ecs"
                        },
                        "meta": {},
                        "tainted": false
                    },
                    "deposed": [],
                    "provider": ""
                },
                "aws_launch_configuration.ecs": {
                    "type": "aws_launch_configuration",
                    "depends_on": [
                        "aws_ecs_cluster.default",
                        "aws_iam_instance_profile.ecs",
                        "aws_security_group.ecs"
                    ],
                    "primary": {
                        "id": "terraform-20170124120147898208451ixd",
                        "attributes": {
                            "associate_public_ip_address": "false",
                            "ebs_block_device.#": "0",
                            "ebs_optimized": "false",
                            "enable_monitoring": "true",
                            "ephemeral_block_device.#": "0",
                            "iam_instance_profile": "willejsio-prod-ecs-instance",
                            "id": "terraform-20170124120147898208451ixd",
                            "image_id": "ami-e3fbd290",
                            "instance_type": "t2.nano",
                            "key_name": "willejsio-prod-default",
                            "name": "terraform-20170124120147898208451ixd",
                            "root_block_device.#": "1",
                            "root_block_device.0.delete_on_termination": "true",
                            "root_block_device.0.iops": "0",
                            "root_block_device.0.volume_size": "60",
                            "root_block_device.0.volume_type": "gp2",
                            "security_groups.#": "1",
                            "security_groups.3515594748": "sg-29e8b64f",
                            "spot_price": "",
                            "user_data": "46ec0c6b234975ed3d176fab8d792930dea8aa68",
                            "vpc_classic_link_id": "",
                            "vpc_classic_link_security_groups.#": "0"
                        },
                        "meta": {},
                        "tainted": false
                    },
                    "deposed": [],
                    "provider": ""
                },
                "aws_security_group.ecs": {
                    "type": "aws_security_group",
                    "depends_on": [],
                    "primary": {
                        "id": "sg-29e8b64f",
                        "attributes": {
                            "description": "Container Instance Allowed Ports",
                            "egress.#": "1",
                            "egress.482069346.cidr_blocks.#": "1",
                            "egress.482069346.cidr_blocks.0": "0.0.0.0/0",
                            "egress.482069346.from_port": "0",
                            "egress.482069346.prefix_list_ids.#": "0",
                            "egress.482069346.protocol": "-1",
                            "egress.482069346.security_groups.#": "0",
                            "egress.482069346.self": "false",
                            "egress.482069346.to_port": "0",
                            "id": "sg-29e8b64f",
                            "ingress.#": "1",
                            "ingress.542945394.cidr_blocks.#": "1",
                            "ingress.542945394.cidr_blocks.0": "10.0.0.0/16",
                            "ingress.542945394.from_port": "8080",
                            "ingress.542945394.protocol": "tcp",
                            "ingress.542945394.security_groups.#": "0",
                            "ingress.542945394.self": "false",
                            "ingress.542945394.to_port": "8080",
                            "name": "willejsio-prod-ecs-1",
                            "owner_id": "415667875934",
                            "tags.%": "4",
                            "tags.Name": "willejsio-prod-ecs",
                            "tags.created-by": "terraform",
                            "tags.environment": "prod",
                            "tags.project": "willejsio",
                            "vpc_id": "vpc-48220f2c"
                        },
                        "meta": {},
                        "tainted": false
                    },
                    "deposed": [],
                    "provider": ""
                },
                "aws_security_group.ecs_asg_elb": {
                    "type": "aws_security_group",
                    "depends_on": [],
                    "primary": {
                        "id": "sg-28e8b64e",
                        "attributes": {
                            "description": "Security group allowing traffic to the ELB",
                            "egress.#": "1",
                            "egress.482069346.cidr_blocks.#": "1",
                            "egress.482069346.cidr_blocks.0": "0.0.0.0/0",
                            "egress.482069346.from_port": "0",
                            "egress.482069346.prefix_list_ids.#": "0",
                            "egress.482069346.protocol": "-1",
                            "egress.482069346.security_groups.#": "0",
                            "egress.482069346.self": "false",
                            "egress.482069346.to_port": "0",
                            "id": "sg-28e8b64e",
                            "ingress.#": "2",
                            "ingress.2214680975.cidr_blocks.#": "1",
                            "ingress.2214680975.cidr_blocks.0": "0.0.0.0/0",
                            "ingress.2214680975.from_port": "80",
                            "ingress.2214680975.protocol": "tcp",
                            "ingress.2214680975.security_groups.#": "0",
                            "ingress.2214680975.self": "false",
                            "ingress.2214680975.to_port": "80",
                            "ingress.2617001939.cidr_blocks.#": "1",
                            "ingress.2617001939.cidr_blocks.0": "0.0.0.0/0",
                            "ingress.2617001939.from_port": "443",
                            "ingress.2617001939.protocol": "tcp",
                            "ingress.2617001939.security_groups.#": "0",
                            "ingress.2617001939.self": "false",
                            "ingress.2617001939.to_port": "443",
                            "name": "willejsio-prod-elb-ecs-1",
                            "owner_id": "415667875934",
                            "tags.%": "4",
                            "tags.Created-by": "terraform",
                            "tags.Environment": "prod",
                            "tags.Name": "willejsio-prod-elb-ecs-1",
                            "tags.project": "willejsio",
                            "vpc_id": "vpc-48220f2c"
                        },
                        "meta": {},
                        "tainted": false
                    },
                    "deposed": [],
                    "provider": ""
                },
                "template_file.ecs_task_definition_willejs_io": {
                    "type": "template_file",
                    "depends_on": [],
                    "primary": {
                        "id": "2b0cb46b8f9d9f336637bfa16101951da124983dc0b29e3d902c0ef210886433",
                        "attributes": {
                            "id": "2b0cb46b8f9d9f336637bfa16101951da124983dc0b29e3d902c0ef210886433",
                            "rendered": "[\n  {\n    \"name\": \"willejsio\",\n    \"image\": \"willejs/willejs.io:latest\",\n    \"cpu\": 10,\n    \"memory\": 128,\n    \"essential\": true,\n    \"portMappings\": [\n      {\n        \"containerPort\": 80,\n        \"hostPort\": 8080\n      }\n    ],\n    \"mountPoints\": [],\n    \"environment\": [],\n    \"command\": []\n  }\n]",
                            "template": "[\n  {\n    \"name\": \"willejsio\",\n    \"image\": \"willejs/willejs.io:${image_tag}\",\n    \"cpu\": 10,\n    \"memory\": 128,\n    \"essential\": true,\n    \"portMappings\": [\n      {\n        \"containerPort\": 80,\n        \"hostPort\": 8080\n      }\n    ],\n    \"mountPoints\": [],\n    \"environment\": [],\n    \"command\": []\n  }\n]",
                            "vars.%": "1",
                            "vars.image_tag": "latest"
                        },
                        "meta": {},
                        "tainted": false
                    },
                    "deposed": [],
                    "provider": ""
                }
            },
            "depends_on": []
        },
        {
            "path": [
                "root",
                "vpc"
            ],
            "outputs": {
                "private_route_table_id": {
                    "sensitive": false,
                    "type": "string",
                    "value": "rtb-6ef50e09"
                },
                "private_subnets": {
                    "sensitive": false,
                    "type": "string",
                    "value": "subnet-dd0839ab,subnet-e3453bbb,subnet-28526f4c"
                },
                "public_route_table_id": {
                    "sensitive": false,
                    "type": "string",
                    "value": "rtb-6df50e0a"
                },
                "public_subnets": {
                    "sensitive": false,
                    "type": "string",
                    "value": "subnet-da0839ac,subnet-e4453bbc,subnet-29526f4d"
                },
                "vpc_id": {
                    "sensitive": false,
                    "type": "string",
                    "value": "vpc-48220f2c"
                }
            },
            "resources": {
                "aws_internet_gateway.mod": {
                    "type": "aws_internet_gateway",
                    "depends_on": [
                        "aws_vpc.mod"
                    ],
                    "primary": {
                        "id": "igw-b22683d6",
                        "attributes": {
                            "id": "igw-b22683d6",
                            "tags.%": "0",
                            "vpc_id": "vpc-48220f2c"
                        },
                        "meta": {},
                        "tainted": false
                    },
                    "deposed": [],
                    "provider": ""
                },
                "aws_route.public_internet_gateway": {
                    "type": "aws_route",
                    "depends_on": [
                        "aws_internet_gateway.mod",
                        "aws_route_table.public"
                    ],
                    "primary": {
                        "id": "r-rtb-6df50e0a1080289494",
                        "attributes": {
                            "destination_cidr_block": "0.0.0.0/0",
                            "destination_prefix_list_id": "",
                            "gateway_id": "igw-b22683d6",
                            "id": "r-rtb-6df50e0a1080289494",
                            "instance_id": "",
                            "instance_owner_id": "",
                            "nat_gateway_id": "",
                            "network_interface_id": "",
                            "origin": "CreateRoute",
                            "route_table_id": "rtb-6df50e0a",
                            "state": "active",
                            "vpc_peering_connection_id": ""
                        },
                        "meta": {},
                        "tainted": false
                    },
                    "deposed": [],
                    "provider": ""
                },
                "aws_route_table.private": {
                    "type": "aws_route_table",
                    "depends_on": [
                        "aws_vpc.mod"
                    ],
                    "primary": {
                        "id": "rtb-6ef50e09",
                        "attributes": {
                            "id": "rtb-6ef50e09",
                            "propagating_vgws.#": "0",
                            "route.#": "1",
                            "route.3312113879.cidr_block": "0.0.0.0/0",
                            "route.3312113879.gateway_id": "",
                            "route.3312113879.instance_id": "",
                            "route.3312113879.nat_gateway_id": "nat-0d0c1193d2ec86ca1",
                            "route.3312113879.network_interface_id": "",
                            "route.3312113879.vpc_peering_connection_id": "",
                            "tags.%": "1",
                            "tags.Name": "willejsio-private",
                            "vpc_id": "vpc-48220f2c"
                        },
                        "meta": {},
                        "tainted": false
                    },
                    "deposed": [],
                    "provider": ""
                },
                "aws_route_table.public": {
                    "type": "aws_route_table",
                    "depends_on": [
                        "aws_vpc.mod"
                    ],
                    "primary": {
                        "id": "rtb-6df50e0a",
                        "attributes": {
                            "id": "rtb-6df50e0a",
                            "propagating_vgws.#": "0",
                            "route.#": "1",
                            "route.3080853199.cidr_block": "0.0.0.0/0",
                            "route.3080853199.gateway_id": "igw-b22683d6",
                            "route.3080853199.instance_id": "",
                            "route.3080853199.nat_gateway_id": "",
                            "route.3080853199.network_interface_id": "",
                            "route.3080853199.vpc_peering_connection_id": "",
                            "tags.%": "1",
                            "tags.Name": "willejsio-public",
                            "vpc_id": "vpc-48220f2c"
                        },
                        "meta": {},
                        "tainted": false
                    },
                    "deposed": [],
                    "provider": ""
                },
                "aws_route_table_association.private.0": {
                    "type": "aws_route_table_association",
                    "depends_on": [
                        "aws_route_table.private",
                        "aws_subnet.private"
                    ],
                    "primary": {
                        "id": "rtbassoc-74e2d313",
                        "attributes": {
                            "id": "rtbassoc-74e2d313",
                            "route_table_id": "rtb-6ef50e09",
                            "subnet_id": "subnet-dd0839ab"
                        },
                        "meta": {},
                        "tainted": false
                    },
                    "deposed": [],
                    "provider": ""
                },
                "aws_route_table_association.private.1": {
                    "type": "aws_route_table_association",
                    "depends_on": [
                        "aws_route_table.private",
                        "aws_subnet.private"
                    ],
                    "primary": {
                        "id": "rtbassoc-73e2d314",
                        "attributes": {
                            "id": "rtbassoc-73e2d314",
                            "route_table_id": "rtb-6ef50e09",
                            "subnet_id": "subnet-e3453bbb"
                        },
                        "meta": {},
                        "tainted": false
                    },
                    "deposed": [],
                    "provider": ""
                },
                "aws_route_table_association.private.2": {
                    "type": "aws_route_table_association",
                    "depends_on": [
                        "aws_route_table.private",
                        "aws_subnet.private"
                    ],
                    "primary": {
                        "id": "rtbassoc-75e2d312",
                        "attributes": {
                            "id": "rtbassoc-75e2d312",
                            "route_table_id": "rtb-6ef50e09",
                            "subnet_id": "subnet-28526f4c"
                        },
                        "meta": {},
                        "tainted": false
                    },
                    "deposed": [],
                    "provider": ""
                },
                "aws_route_table_association.public.0": {
                    "type": "aws_route_table_association",
                    "depends_on": [
                        "aws_route_table.public",
                        "aws_subnet.public"
                    ],
                    "primary": {
                        "id": "rtbassoc-77e2d310",
                        "attributes": {
                            "id": "rtbassoc-77e2d310",
                            "route_table_id": "rtb-6df50e0a",
                            "subnet_id": "subnet-da0839ac"
                        },
                        "meta": {},
                        "tainted": false
                    },
                    "deposed": [],
                    "provider": ""
                },
                "aws_route_table_association.public.1": {
                    "type": "aws_route_table_association",
                    "depends_on": [
                        "aws_route_table.public",
                        "aws_subnet.public"
                    ],
                    "primary": {
                        "id": "rtbassoc-76e2d311",
                        "attributes": {
                            "id": "rtbassoc-76e2d311",
                            "route_table_id": "rtb-6df50e0a",
                            "subnet_id": "subnet-e4453bbc"
                        },
                        "meta": {},
                        "tainted": false
                    },
                    "deposed": [],
                    "provider": ""
                },
                "aws_route_table_association.public.2": {
                    "type": "aws_route_table_association",
                    "depends_on": [
                        "aws_route_table.public",
                        "aws_subnet.public"
                    ],
                    "primary": {
                        "id": "rtbassoc-68e2d30f",
                        "attributes": {
                            "id": "rtbassoc-68e2d30f",
                            "route_table_id": "rtb-6df50e0a",
                            "subnet_id": "subnet-29526f4d"
                        },
                        "meta": {},
                        "tainted": false
                    },
                    "deposed": [],
                    "provider": ""
                },
                "aws_subnet.private.0": {
                    "type": "aws_subnet",
                    "depends_on": [
                        "aws_vpc.mod"
                    ],
                    "primary": {
                        "id": "subnet-dd0839ab",
                        "attributes": {
                            "availability_zone": "eu-west-1a",
                            "cidr_block": "10.0.1.0/24",
                            "id": "subnet-dd0839ab",
                            "map_public_ip_on_launch": "false",
                            "tags.%": "1",
                            "tags.Name": "willejsio-private",
                            "vpc_id": "vpc-48220f2c"
                        },
                        "meta": {},
                        "tainted": false
                    },
                    "deposed": [],
                    "provider": ""
                },
                "aws_subnet.private.1": {
                    "type": "aws_subnet",
                    "depends_on": [
                        "aws_vpc.mod"
                    ],
                    "primary": {
                        "id": "subnet-e3453bbb",
                        "attributes": {
                            "availability_zone": "eu-west-1b",
                            "cidr_block": "10.0.2.0/24",
                            "id": "subnet-e3453bbb",
                            "map_public_ip_on_launch": "false",
                            "tags.%": "1",
                            "tags.Name": "willejsio-private",
                            "vpc_id": "vpc-48220f2c"
                        },
                        "meta": {},
                        "tainted": false
                    },
                    "deposed": [],
                    "provider": ""
                },
                "aws_subnet.private.2": {
                    "type": "aws_subnet",
                    "depends_on": [
                        "aws_vpc.mod"
                    ],
                    "primary": {
                        "id": "subnet-28526f4c",
                        "attributes": {
                            "availability_zone": "eu-west-1c",
                            "cidr_block": "10.0.3.0/24",
                            "id": "subnet-28526f4c",
                            "map_public_ip_on_launch": "false",
                            "tags.%": "1",
                            "tags.Name": "willejsio-private",
                            "vpc_id": "vpc-48220f2c"
                        },
                        "meta": {},
                        "tainted": false
                    },
                    "deposed": [],
                    "provider": ""
                },
                "aws_subnet.public.0": {
                    "type": "aws_subnet",
                    "depends_on": [
                        "aws_vpc.mod"
                    ],
                    "primary": {
                        "id": "subnet-da0839ac",
                        "attributes": {
                            "availability_zone": "eu-west-1a",
                            "cidr_block": "10.0.4.0/24",
                            "id": "subnet-da0839ac",
                            "map_public_ip_on_launch": "true",
                            "tags.%": "1",
                            "tags.Name": "willejsio-public",
                            "vpc_id": "vpc-48220f2c"
                        },
                        "meta": {},
                        "tainted": false
                    },
                    "deposed": [],
                    "provider": ""
                },
                "aws_subnet.public.1": {
                    "type": "aws_subnet",
                    "depends_on": [
                        "aws_vpc.mod"
                    ],
                    "primary": {
                        "id": "subnet-e4453bbc",
                        "attributes": {
                            "availability_zone": "eu-west-1b",
                            "cidr_block": "10.0.5.0/24",
                            "id": "subnet-e4453bbc",
                            "map_public_ip_on_launch": "true",
                            "tags.%": "1",
                            "tags.Name": "willejsio-public",
                            "vpc_id": "vpc-48220f2c"
                        },
                        "meta": {},
                        "tainted": false
                    },
                    "deposed": [],
                    "provider": ""
                },
                "aws_subnet.public.2": {
                    "type": "aws_subnet",
                    "depends_on": [
                        "aws_vpc.mod"
                    ],
                    "primary": {
                        "id": "subnet-29526f4d",
                        "attributes": {
                            "availability_zone": "eu-west-1c",
                            "cidr_block": "10.0.6.0/24",
                            "id": "subnet-29526f4d",
                            "map_public_ip_on_launch": "true",
                            "tags.%": "1",
                            "tags.Name": "willejsio-public",
                            "vpc_id": "vpc-48220f2c"
                        },
                        "meta": {},
                        "tainted": false
                    },
                    "deposed": [],
                    "provider": ""
                },
                "aws_vpc.mod": {
                    "type": "aws_vpc",
                    "depends_on": [],
                    "primary": {
                        "id": "vpc-48220f2c",
                        "attributes": {
                            "cidr_block": "10.0.0.0/16",
                            "default_network_acl_id": "acl-1eaa4879",
                            "default_route_table_id": "rtb-67f50e00",
                            "default_security_group_id": "sg-56e8b630",
                            "dhcp_options_id": "dopt-66dd6802",
                            "enable_classiclink": "false",
                            "enable_dns_hostnames": "false",
                            "enable_dns_support": "true",
                            "id": "vpc-48220f2c",
                            "instance_tenancy": "default",
                            "main_route_table_id": "rtb-67f50e00",
                            "tags.%": "1",
                            "tags.Name": "willejsio"
                        },
                        "meta": {},
                        "tainted": false
                    },
                    "deposed": [],
                    "provider": ""
                }
            },
            "depends_on": []
        }
    ]
}
